
Microsoft Visual Studio Solution File, Format Version 12.00
# Visual Studio Version 16
VisualStudioVersion = 16.0.32228.343
MinimumVisualStudioVersion = 10.0.40219.1
Project("{9A19103F-16F7-4668-BE54-9A1E7A4F7556}") = "AkiCustomizeTools", "AkiCustomizeTools\AkiCustomizeTools.csproj", "{D6DBEFBD-E401-4621-A7C6-F0DE2E42BE0B}"
EndProject
Global
	GlobalSection(SolutionConfigurationPlatforms) = preSolution
		Debug|Any CPU = Debug|Any CPU
		Release|Any CPU = Release|Any CPU
	EndGlobalSection
	GlobalSection(ProjectConfigurationPlatforms) = postSolution
		{D6DBEFBD-E401-4621-A7C6-F0DE2E42BE0B}.Debug|Any CPU.ActiveCfg = Debug|Any CPU
		{D6DBEFBD-E401-4621-A7C6-F0DE2E42BE0B}.Debug|Any CPU.Build.0 = Debug|Any CPU
		{D6DBEFBD-E401-4621-A7C6-F0DE2E42BE0B}.Release|Any CPU.ActiveCfg = Release|Any CPU
		{D6DBEFBD-E401-4621-A7C6-F0DE2E42BE0B}.Release|Any CPU.Build.0 = Release|Any CPU
	EndGlobalSection
	GlobalSection(SolutionProperties) = preSolution
		HideSolutionNode = FALSE
	EndGlobalSection
	GlobalSection(ExtensibilityGlobals) = postSolution
		SolutionGuid = {B757E3B2-9184-4D26-A4D7-AF43CF846DFF}
	EndGlobalSection
EndGlobal
